
Microsoft Visual Studio Solution File, Format Version 12.00
# Visual Studio Version 17
VisualStudioVersion = 17.14.37314.3 d17.14
MinimumVisualStudioVersion = 10.0.40219.1
Project("{FAE04EC0-301F-11D3-BF4B-00C04F79EFBC}") = "Mesenger.Api", "Mesenger\Mesenger.Api.csproj", "{434782A4-74AC-4094-BA90-DAE74E30194E}"
EndProject
Project("{FAE04EC0-301F-11D3-BF4B-00C04F79EFBC}") = "Messenger.Api.DataAccess", "Messenger.DataAccess\Messenger.Api.DataAccess.csproj", "{C22DE4A6-46A0-45CC-83C6-F103C8239BDE}"
EndProject
Project("{FAE04EC0-301F-11D3-BF4B-00C04F79EFBC}") = "Messenger.Api.Repository", "Messenger.Repository\Messenger.Api.Repository.csproj", "{DED5F8A2-6657-47E3-8F90-34C50BF6ADCF}"
EndProject
Project("{FAE04EC0-301F-11D3-BF4B-00C04F79EFBC}") = "Messanger.Frontend", "Messanger.Frontend\Messanger.Frontend.csproj", "{345666C0-A433-4652-894C-69199E8960EE}"
EndProject
Global
	GlobalSection(SolutionConfigurationPlatforms) = preSolution
		Debug|Any CPU = Debug|Any CPU
		Release|Any CPU = Release|Any CPU
	EndGlobalSection
	GlobalSection(ProjectConfigurationPlatforms) = postSolution
		{434782A4-74AC-4094-BA90-DAE74E30194E}.Debug|Any CPU.ActiveCfg = Debug|Any CPU
		{434782A4-74AC-4094-BA90-DAE74E30194E}.Debug|Any CPU.Build.0 = Debug|Any CPU
		{434782A4-74AC-4094-BA90-DAE74E30194E}.Release|Any CPU.ActiveCfg = Release|Any CPU
		{434782A4-74AC-4094-BA90-DAE74E30194E}.Release|Any CPU.Build.0 = Release|Any CPU
		{C22DE4A6-46A0-45CC-83C6-F103C8239BDE}.Debug|Any CPU.ActiveCfg = Debug|Any CPU
		{C22DE4A6-46A0-45CC-83C6-F103C8239BDE}.Debug|Any CPU.Build.0 = Debug|Any CPU
		{C22DE4A6-46A0-45CC-83C6-F103C8239BDE}.Release|Any CPU.ActiveCfg = Release|Any CPU
		{C22DE4A6-46A0-45CC-83C6-F103C8239BDE}.Release|Any CPU.Build.0 = Release|Any CPU
		{DED5F8A2-6657-47E3-8F90-34C50BF6ADCF}.Debug|Any CPU.ActiveCfg = Debug|Any CPU
		{DED5F8A2-6657-47E3-8F90-34C50BF6ADCF}.Debug|Any CPU.Build.0 = Debug|Any CPU
		{DED5F8A2-6657-47E3-8F90-34C50BF6ADCF}.Release|Any CPU.ActiveCfg = Release|Any CPU
		{DED5F8A2-6657-47E3-8F90-34C50BF6ADCF}.Release|Any CPU.Build.0 = Release|Any CPU
		{345666C0-A433-4652-894C-69199E8960EE}.Debug|Any CPU.ActiveCfg = Debug|Any CPU
		{345666C0-A433-4652-894C-69199E8960EE}.Debug|Any CPU.Build.0 = Debug|Any CPU
		{345666C0-A433-4652-894C-69199E8960EE}.Release|Any CPU.ActiveCfg = Release|Any CPU
		{345666C0-A433-4652-894C-69199E8960EE}.Release|Any CPU.Build.0 = Release|Any CPU
	EndGlobalSection
	GlobalSection(SolutionProperties) = preSolution
		HideSolutionNode = FALSE
	EndGlobalSection
	GlobalSection(ExtensibilityGlobals) = postSolution
		SolutionGuid = {8DFE253C-4362-4D7B-960B-F3B49E8EE13D}
	EndGlobalSection
EndGlobal
